
Microsoft Visual Studio Solution File, Format Version 12.00
# Visual Studio Version 17
VisualStudioVersion = 17.6.33829.357
MinimumVisualStudioVersion = 10.0.40219.1
Project("{9A19103F-16F7-4668-BE54-9A1E7A4F7556}") = "Vyntix.Model", "Vyntix.Model\Vyntix.Model.csproj", "{0F8A4A4E-4260-4166-B807-9E79D4AAD1D7}"
EndProject
Project("{2150E333-8FDC-42A3-9474-1A3956D46DE8}") = "Solution Items", "Solution Items", "{88DB32C3-62BA-4305-87C3-AED2CEF40E35}"
	ProjectSection(SolutionItems) = preProject
		azure-pipelines.yml = azure-pipelines.yml
		README.md = README.md
		version.json = version.json
	EndProjectSection
EndProject
Global
	GlobalSection(SolutionConfigurationPlatforms) = preSolution
		Debug|Any CPU = Debug|Any CPU
		Release|Any CPU = Release|Any CPU
	EndGlobalSection
	GlobalSection(ProjectConfigurationPlatforms) = postSolution
		{0F8A4A4E-4260-4166-B807-9E79D4AAD1D7}.Debug|Any CPU.ActiveCfg = Debug|Any CPU
		{0F8A4A4E-4260-4166-B807-9E79D4AAD1D7}.Debug|Any CPU.Build.0 = Debug|Any CPU
		{0F8A4A4E-4260-4166-B807-9E79D4AAD1D7}.Release|Any CPU.ActiveCfg = Release|Any CPU
		{0F8A4A4E-4260-4166-B807-9E79D4AAD1D7}.Release|Any CPU.Build.0 = Release|Any CPU
	EndGlobalSection
	GlobalSection(SolutionProperties) = preSolution
		HideSolutionNode = FALSE
	EndGlobalSection
	GlobalSection(ExtensibilityGlobals) = postSolution
		SolutionGuid = {E91076EB-DC34-409C-8430-5D49C28DC2C1}
	EndGlobalSection
EndGlobal
